{
  "nodes": {
    "bash-logger": {
      "inputs": {
        "nixpkgs": [
          "nixpkgs"
        ]
      },
      "locked": {
        "lastModified": 1788096965,
        "narHash": "sha256-MWR3yXxP4//kv69VIJV+IpWXM9xNNrpaR9hWQeuMHj8=",
        "owner": "Jatsekku",
        "repo": "bash-logger",
        "rev": "e384419df2d6f62d8fa6a7175d71f128014150ff",
        "type": "github"
      },
      "original": {
        "owner": "Jatsekku",
        "repo": "bash-logger",
        "type": "github"
      }
    },
    "nixpkgs": {
      "locked": {
        "lastModified": 1791336361,
        "narHash": "sha256-o9ZUW4SlEAvFPIyJWnqChhOT/VHpHg8TAvEgmqK1fSI=",
        "owner": "nixos",
        "repo": "nixpkgs",
        "rev": "7dd199b0e2993e37b4775ed66b1c291699608c9f",
        "type": "github"
      },
      "original": {
        "owner": "nixos",
        "ref": "nixpkgs-unstable",
        "repo": "nixpkgs",
        "type": "github"
      }
    },
    "root": {
      "inputs": {
        "bash-logger": "bash-logger",
        "nixpkgs": "nixpkgs"
      }
    }
  },
  "root": "root",
  "version": 7
}
